
Microsoft Visual Studio Solution File, Format Version 12.00
# Visual Studio Version 16
VisualStudioVersion = 16.0.30128.74
MinimumVisualStudioVersion = 10.0.40219.1
Project("{FAE04EC0-301F-11D3-BF4B-00C04F79EFBC}") = "Yatzy", "Yatzy.csproj", "{D06BC5BD-F73E-482F-9C06-B4561361CBEC}"
EndProject
Global
	GlobalSection(SolutionConfigurationPlatforms) = preSolution
		Debug|Any CPU = Debug|Any CPU
		Release|Any CPU = Release|Any CPU
	EndGlobalSection
	GlobalSection(ProjectConfigurationPlatforms) = postSolution
		{D06BC5BD-F73E-482F-9C06-B4561361CBEC}.Debug|Any CPU.ActiveCfg = Debug|Any CPU
		{D06BC5BD-F73E-482F-9C06-B4561361CBEC}.Debug|Any CPU.Build.0 = Debug|Any CPU
		{D06BC5BD-F73E-482F-9C06-B4561361CBEC}.Release|Any CPU.ActiveCfg = Release|Any CPU
		{D06BC5BD-F73E-482F-9C06-B4561361CBEC}.Release|Any CPU.Build.0 = Release|Any CPU
	EndGlobalSection
	GlobalSection(SolutionProperties) = preSolution
		HideSolutionNode = FALSE
	EndGlobalSection
	GlobalSection(ExtensibilityGlobals) = postSolution
		SolutionGuid = {37DF7B0F-61D1-43C6-AE74-7B8621BB3C6C}
	EndGlobalSection
EndGlobal
